{
  "projects": [
    {
      "projectId": "fsvVCJNXhN88gnWPeurk82",
      "version": "latest",
      "dependencies": {},
      "lang": "js",
      "fileLocks": [
        {
          "type": "globalVariant",
          "assetId": "_vqgjsu93Q6X",
          "checksum": "013542262ccc37aea3427267bbc64111"
        },
        {
          "type": "globalVariant",
          "assetId": "ggplX1HNiO",
          "checksum": "a5b7fc4e4cd5aaf6ba5199d975bfd0ce"
        },
        {
          "type": "renderModule",
          "assetId": "-yQP5mbA2FlJ",
          "checksum": "5232724752caf2c19e1a795a0ce42b72"
        },
        {
          "type": "cssRules",
          "assetId": "-yQP5mbA2FlJ",
          "checksum": "5232724752caf2c19e1a795a0ce42b72"
        },
        {
          "type": "renderModule",
          "assetId": "yzN9e7yMUD",
          "checksum": "71499ac4ebe15e65867608298acb7630"
        },
        {
          "type": "cssRules",
          "assetId": "yzN9e7yMUD",
          "checksum": "71499ac4ebe15e65867608298acb7630"
        },
        {
          "type": "renderModule",
          "assetId": "UmzKSsgGvq",
          "checksum": "64534bb95c2d9d8476d70e7f660b45d9"
        },
        {
          "type": "cssRules",
          "assetId": "UmzKSsgGvq",
          "checksum": "64534bb95c2d9d8476d70e7f660b45d9"
        },
        {
          "type": "renderModule",
          "assetId": "BxuEl8DsYN",
          "checksum": "6064251198c3baa0867181c030dde16c"
        },
        {
          "type": "cssRules",
          "assetId": "BxuEl8DsYN",
          "checksum": "6064251198c3baa0867181c030dde16c"
        },
        {
          "type": "renderModule",
          "assetId": "hdhAUPx0OJ",
          "checksum": "fd3c22a5e4cf3bdaf142226bda6ef47f"
        },
        {
          "type": "cssRules",
          "assetId": "hdhAUPx0OJ",
          "checksum": "fd3c22a5e4cf3bdaf142226bda6ef47f"
        },
        {
          "type": "renderModule",
          "assetId": "MvXdLCc8OV",
          "checksum": "2fdeccbcfa4ec1db4558b95e70448f92"
        },
        {
          "type": "cssRules",
          "assetId": "MvXdLCc8OV",
          "checksum": "2fdeccbcfa4ec1db4558b95e70448f92"
        },
        {
          "type": "renderModule",
          "assetId": "iBGeKHaiOZ",
          "checksum": "9ca7178f00adc4b9414fa52a16a8a09d"
        },
        {
          "type": "cssRules",
          "assetId": "iBGeKHaiOZ",
          "checksum": "9ca7178f00adc4b9414fa52a16a8a09d"
        },
        {
          "type": "renderModule",
          "assetId": "ZfeuDm0ZNOg",
          "checksum": "bc5efa841be5f6635734ab0e75f524ad"
        },
        {
          "type": "cssRules",
          "assetId": "ZfeuDm0ZNOg",
          "checksum": "bc5efa841be5f6635734ab0e75f524ad"
        },
        {
          "type": "renderModule",
          "assetId": "beJefKf2yK",
          "checksum": "83b9d9c90ef654a8c2644b1296b8994c"
        },
        {
          "type": "cssRules",
          "assetId": "beJefKf2yK",
          "checksum": "83b9d9c90ef654a8c2644b1296b8994c"
        },
        {
          "type": "image",
          "assetId": "gKH8Vu5oS",
          "checksum": "f69448a8260269eb2c3221ba9d09f8c8"
        },
        {
          "assetId": "fsvVCJNXhN88gnWPeurk82",
          "type": "projectCss",
          "checksum": "6fc17b7767f42cae820d2b7f09a3c208"
        },
        {
          "type": "renderModule",
          "assetId": "jFPPIhVElfu",
          "checksum": "659b309a50a9bcf1f6735f78a47552ca"
        },
        {
          "type": "cssRules",
          "assetId": "jFPPIhVElfu",
          "checksum": "659b309a50a9bcf1f6735f78a47552ca"
        },
        {
          "type": "renderModule",
          "assetId": "Yqol-rCxsy",
          "checksum": "508149bee35ab1fbf7a1f2c930adcc76"
        },
        {
          "type": "cssRules",
          "assetId": "Yqol-rCxsy",
          "checksum": "508149bee35ab1fbf7a1f2c930adcc76"
        },
        {
          "type": "icon",
          "assetId": "K_nJDzMst",
          "checksum": "9ad9fc9f2e09ca96a51d99c93d4c56a4"
        },
        {
          "type": "icon",
          "assetId": "d-3s9faVK",
          "checksum": "651e064a79d16c5421236b859b363789"
        },
        {
          "type": "icon",
          "assetId": "HwMgH-etw",
          "checksum": "c95e6cb5fe4eb0b173aa2de2bc9ece34"
        },
        {
          "type": "icon",
          "assetId": "xcy2eYyth",
          "checksum": "1ad42c8a4274b1adb087e52ca066512e"
        },
        {
          "type": "icon",
          "assetId": "H64gaQo8h",
          "checksum": "768747f9c4f00aad505e9a8aeb104bc4"
        },
        {
          "type": "icon",
          "assetId": "0WV9Nxs3k",
          "checksum": "7497006856171f7eebec939b0e0c3641"
        },
        {
          "type": "icon",
          "assetId": "eEVCd6Koo",
          "checksum": "dafb0efe4eead5fda8faf36df27b1c16"
        },
        {
          "type": "icon",
          "assetId": "zpJfbKID_",
          "checksum": "c0eab19852fc69c6f96b6d55256814b7"
        },
        {
          "type": "icon",
          "assetId": "b6SG-iotH",
          "checksum": "f0723b744bc2cd1f3f79c5ee7b1d46c7"
        },
        {
          "type": "icon",
          "assetId": "ESKmisL-7",
          "checksum": "0d089ae809b0def111513ec98094647f"
        },
        {
          "type": "icon",
          "assetId": "-sJBbaSkZ",
          "checksum": "7969656578a6bc67e62f56272bdc7e90"
        },
        {
          "type": "icon",
          "assetId": "zisVgd0cQ",
          "checksum": "13ed5d86fdd75cfa9067e56f4a656ad3"
        },
        {
          "type": "icon",
          "assetId": "k7onMx6ai",
          "checksum": "1b3fbb4324e1788dc6bd576f58365f08"
        },
        {
          "type": "icon",
          "assetId": "-hAnRVCEc",
          "checksum": "25d836f428f01f483c83e84ca07f505d"
        },
        {
          "type": "icon",
          "assetId": "-mQ06erg0",
          "checksum": "cbd0fa9f66d93c6b771ef153e4628e2f"
        },
        {
          "type": "icon",
          "assetId": "egmHDbPom",
          "checksum": "9e956d33956416fa65635cf664b10b97"
        }
      ]
    }
  ],
  "cliVersion": "0.1.145"
}
